
Microsoft Visual Studio Solution File, Format Version 12.00
# Visual Studio Version 17
VisualStudioVersion = 17.13.35919.96
MinimumVisualStudioVersion = 10.0.40219.1
Project("{FAE04EC0-301F-11D3-BF4B-00C04F79EFBC}") = "Lab01", "Lab01\Lab01.csproj", "{2F3AEDD3-2988-40DC-B259-734CD4B2FB43}"
EndProject
Project("{FAE04EC0-301F-11D3-BF4B-00C04F79EFBC}") = "Lab02", "Lab02\Lab02.csproj", "{E221F684-3239-47C7-BEFA-F595EE1D5EBA}"
EndProject
Project("{FAE04EC0-301F-11D3-BF4B-00C04F79EFBC}") = "Lab03", "Lab03\Lab03.csproj", "{F1890F47-BBD4-4C48-BF23-7FD4753817B4}"
EndProject
Project("{FAE04EC0-301F-11D3-BF4B-00C04F79EFBC}") = "Lab04", "Lab04\Lab04.csproj", "{0898D7CC-3787-45F9-8325-E236F595852D}"
EndProject
Project("{FAE04EC0-301F-11D3-BF4B-00C04F79EFBC}") = "Lab05", "Lab05\Lab05.csproj", "{9AE5B140-A0FC-4A23-A098-52C08773BDA6}"
EndProject
Global
	GlobalSection(SolutionConfigurationPlatforms) = preSolution
		Debug|Any CPU = Debug|Any CPU
		Release|Any CPU = Release|Any CPU
	EndGlobalSection
	GlobalSection(ProjectConfigurationPlatforms) = postSolution
		{2F3AEDD3-2988-40DC-B259-734CD4B2FB43}.Debug|Any CPU.ActiveCfg = Debug|Any CPU
		{2F3AEDD3-2988-40DC-B259-734CD4B2FB43}.Debug|Any CPU.Build.0 = Debug|Any CPU
		{2F3AEDD3-2988-40DC-B259-734CD4B2FB43}.Release|Any CPU.ActiveCfg = Release|Any CPU
		{2F3AEDD3-2988-40DC-B259-734CD4B2FB43}.Release|Any CPU.Build.0 = Release|Any CPU
		{E221F684-3239-47C7-BEFA-F595EE1D5EBA}.Debug|Any CPU.ActiveCfg = Debug|Any CPU
		{E221F684-3239-47C7-BEFA-F595EE1D5EBA}.Debug|Any CPU.Build.0 = Debug|Any CPU
		{E221F684-3239-47C7-BEFA-F595EE1D5EBA}.Release|Any CPU.ActiveCfg = Release|Any CPU
		{E221F684-3239-47C7-BEFA-F595EE1D5EBA}.Release|Any CPU.Build.0 = Release|Any CPU
		{F1890F47-BBD4-4C48-BF23-7FD4753817B4}.Debug|Any CPU.ActiveCfg = Debug|Any CPU
		{F1890F47-BBD4-4C48-BF23-7FD4753817B4}.Debug|Any CPU.Build.0 = Debug|Any CPU
		{F1890F47-BBD4-4C48-BF23-7FD4753817B4}.Release|Any CPU.ActiveCfg = Release|Any CPU
		{F1890F47-BBD4-4C48-BF23-7FD4753817B4}.Release|Any CPU.Build.0 = Release|Any CPU
		{0898D7CC-3787-45F9-8325-E236F595852D}.Debug|Any CPU.ActiveCfg = Debug|Any CPU
		{0898D7CC-3787-45F9-8325-E236F595852D}.Debug|Any CPU.Build.0 = Debug|Any CPU
		{0898D7CC-3787-45F9-8325-E236F595852D}.Release|Any CPU.ActiveCfg = Release|Any CPU
		{0898D7CC-3787-45F9-8325-E236F595852D}.Release|Any CPU.Build.0 = Release|Any CPU
		{9AE5B140-A0FC-4A23-A098-52C08773BDA6}.Debug|Any CPU.ActiveCfg = Debug|Any CPU
		{9AE5B140-A0FC-4A23-A098-52C08773BDA6}.Debug|Any CPU.Build.0 = Debug|Any CPU
		{9AE5B140-A0FC-4A23-A098-52C08773BDA6}.Release|Any CPU.ActiveCfg = Release|Any CPU
		{9AE5B140-A0FC-4A23-A098-52C08773BDA6}.Release|Any CPU.Build.0 = Release|Any CPU
	EndGlobalSection
	GlobalSection(SolutionProperties) = preSolution
		HideSolutionNode = FALSE
	EndGlobalSection
	GlobalSection(ExtensibilityGlobals) = postSolution
		SolutionGuid = {B9EB2DAD-565B-4BB3-B451-5A49A5DC3A14}
	EndGlobalSection
EndGlobal
