
Microsoft Visual Studio Solution File, Format Version 12.00
# Visual Studio Version 17
VisualStudioVersion = 17.13.35919.96 d17.13
MinimumVisualStudioVersion = 10.0.40219.1
Project("{FAE04EC0-301F-11D3-BF4B-00C04F79EFBC}") = "Lab01", "Lab01\Lab01.csproj", "{2F3AEDD3-2988-40DC-B259-734CD4B2FB43}"
EndProject
Global
	GlobalSection(SolutionConfigurationPlatforms) = preSolution
		Debug|Any CPU = Debug|Any CPU
		Release|Any CPU = Release|Any CPU
	EndGlobalSection
	GlobalSection(ProjectConfigurationPlatforms) = postSolution
		{2F3AEDD3-2988-40DC-B259-734CD4B2FB43}.Debug|Any CPU.ActiveCfg = Debug|Any CPU
		{2F3AEDD3-2988-40DC-B259-734CD4B2FB43}.Debug|Any CPU.Build.0 = Debug|Any CPU
		{2F3AEDD3-2988-40DC-B259-734CD4B2FB43}.Release|Any CPU.ActiveCfg = Release|Any CPU
		{2F3AEDD3-2988-40DC-B259-734CD4B2FB43}.Release|Any CPU.Build.0 = Release|Any CPU
	EndGlobalSection
	GlobalSection(SolutionProperties) = preSolution
		HideSolutionNode = FALSE
	EndGlobalSection
	GlobalSection(ExtensibilityGlobals) = postSolution
		SolutionGuid = {B9EB2DAD-565B-4BB3-B451-5A49A5DC3A14}
	EndGlobalSection
EndGlobal
